
Microsoft Visual Studio Solution File, Format Version 12.00
# Visual Studio Version 17
VisualStudioVersion = 17.10.35027.167
MinimumVisualStudioVersion = 10.0.40219.1
Project("{FAE04EC0-301F-11D3-BF4B-00C04F79EFBC}") = "Blockchain", "Blockchain\Blockchain.csproj", "{40FC45C7-76AF-44FA-BCA4-B07E25871773}"
EndProject
Global
	GlobalSection(SolutionConfigurationPlatforms) = preSolution
		Debug|Any CPU = Debug|Any CPU
		Release|Any CPU = Release|Any CPU
	EndGlobalSection
	GlobalSection(ProjectConfigurationPlatforms) = postSolution
		{40FC45C7-76AF-44FA-BCA4-B07E25871773}.Debug|Any CPU.ActiveCfg = Debug|Any CPU
		{40FC45C7-76AF-44FA-BCA4-B07E25871773}.Debug|Any CPU.Build.0 = Debug|Any CPU
		{40FC45C7-76AF-44FA-BCA4-B07E25871773}.Release|Any CPU.ActiveCfg = Release|Any CPU
		{40FC45C7-76AF-44FA-BCA4-B07E25871773}.Release|Any CPU.Build.0 = Release|Any CPU
	EndGlobalSection
	GlobalSection(SolutionProperties) = preSolution
		HideSolutionNode = FALSE
	EndGlobalSection
	GlobalSection(ExtensibilityGlobals) = postSolution
		SolutionGuid = {562C5C05-3D83-4CC4-A8D1-5A90AD9DC08A}
	EndGlobalSection
EndGlobal
